
Microsoft Visual Studio Solution File, Format Version 12.00
# Visual Studio Version 16
VisualStudioVersion = 16.0.31829.152
MinimumVisualStudioVersion = 10.0.40219.1
Project("{9A19103F-16F7-4668-BE54-9A1E7A4F7556}") = "StarWarsBuddies", "ConsoleApp3\StarWarsBuddies.csproj", "{C102655D-FB13-47B1-90F4-FF97EDE15B44}"
EndProject
Global
	GlobalSection(SolutionConfigurationPlatforms) = preSolution
		Debug|Any CPU = Debug|Any CPU
		Release|Any CPU = Release|Any CPU
	EndGlobalSection
	GlobalSection(ProjectConfigurationPlatforms) = postSolution
		{C102655D-FB13-47B1-90F4-FF97EDE15B44}.Debug|Any CPU.ActiveCfg = Debug|Any CPU
		{C102655D-FB13-47B1-90F4-FF97EDE15B44}.Debug|Any CPU.Build.0 = Debug|Any CPU
		{C102655D-FB13-47B1-90F4-FF97EDE15B44}.Release|Any CPU.ActiveCfg = Release|Any CPU
		{C102655D-FB13-47B1-90F4-FF97EDE15B44}.Release|Any CPU.Build.0 = Release|Any CPU
	EndGlobalSection
	GlobalSection(SolutionProperties) = preSolution
		HideSolutionNode = FALSE
	EndGlobalSection
	GlobalSection(ExtensibilityGlobals) = postSolution
		SolutionGuid = {BEF1C49D-A832-4143-A8B4-650E4E5BD63D}
	EndGlobalSection
EndGlobal
